
Microsoft Visual Studio Solution File, Format Version 12.00
# Visual Studio Version 17
VisualStudioVersion = 17.7.34031.279
MinimumVisualStudioVersion = 10.0.40219.1
Project("{FAE04EC0-301F-11D3-BF4B-00C04F79EFBC}") = "Common", "Common\Common.csproj", "{76EB2D81-F8A4-4263-8D7B-BD72FB965926}"
EndProject
Project("{2150E333-8FDC-42A3-9474-1A3956D46DE8}") = "Samples", "Samples", "{F39AB6D3-10A4-4392-99E5-B827527D2310}"
EndProject
Project("{FAE04EC0-301F-11D3-BF4B-00C04F79EFBC}") = "LandAndWaves", "Samples\07-LandAndWaves\LandAndWaves.csproj", "{8F56A509-E390-4CE0-A9E7-C8E8ACE7E4CA}"
EndProject
Project("{FAE04EC0-301F-11D3-BF4B-00C04F79EFBC}") = "LitWaves", "Samples\08-LitWaves\LitWaves.csproj", "{2E6D6475-F3F1-4571-B424-FAD046826FAD}"
EndProject
Project("{FAE04EC0-301F-11D3-BF4B-00C04F79EFBC}") = "LitColumns", "Samples\08-LitColumns\LitColumns.csproj", "{563875A1-87AC-4349-BB9C-20085FD7496A}"
EndProject
Project("{FAE04EC0-301F-11D3-BF4B-00C04F79EFBC}") = "09-Crate", "Samples\09-Crate\09-Crate.csproj", "{F37413BB-A85B-47D2-BEB3-F5504C22CFF4}"
EndProject
Project("{FAE04EC0-301F-11D3-BF4B-00C04F79EFBC}") = "TexWaves", "Samples\09-TexWaves\TexWaves.csproj", "{2136E616-F0D8-4F55-BF31-D26F4100A072}"
EndProject
Project("{9A19103F-16F7-4668-BE54-9A1E7A4F7556}") = "TexColumns", "Samples\09-TexColumns\TexColumns.csproj", "{B7E332DD-A269-48C8-9A2D-DC431B71049E}"
EndProject
Project("{FAE04EC0-301F-11D3-BF4B-00C04F79EFBC}") = "Blend", "Samples\10-Blend\Blend.csproj", "{29819A80-A0A5-47EC-8937-593947065CCA}"
EndProject
Project("{FAE04EC0-301F-11D3-BF4B-00C04F79EFBC}") = "11-Stencil", "Samples\11-Stencil\11-Stencil.csproj", "{DDFE75C6-91C3-4E11-AB5E-70A2B7AB20CA}"
EndProject
Project("{FAE04EC0-301F-11D3-BF4B-00C04F79EFBC}") = "12-TreeBillboards", "Samples\12-TreeBillboards\12-TreeBillboards.csproj", "{DECFBF35-4E24-46C9-9116-AEF842F608C5}"
EndProject
Project("{FAE04EC0-301F-11D3-BF4B-00C04F79EFBC}") = "TexWaves2", "Samples\13-WavesCS\TexWaves2.csproj", "{E606D926-491E-43B9-A60D-FF0CFFE6E59E}"
EndProject
Project("{FAE04EC0-301F-11D3-BF4B-00C04F79EFBC}") = "13-VecAdd", "Samples\13-VecAdd\13-VecAdd.csproj", "{52F54CC6-5A9E-4E52-8007-BF1535AD9D31}"
EndProject
Project("{FAE04EC0-301F-11D3-BF4B-00C04F79EFBC}") = "13-SobelFilter", "Samples\13-SobelFilter\13-SobelFilter.csproj", "{CE1B2D38-6F3F-430F-9313-5BD4D3C10C62}"
EndProject
Project("{FAE04EC0-301F-11D3-BF4B-00C04F79EFBC}") = "13-Blur", "Samples\13-Blur\13-Blur.csproj", "{1E305AD7-C386-4331-9C8B-CBF765696A95}"
EndProject
Project("{FAE04EC0-301F-11D3-BF4B-00C04F79EFBC}") = "14-BasicTessellation", "Samples\14-BasicTessellation\14-BasicTessellation.csproj", "{A2DAB809-BC2A-4969-9BCA-89797D298E20}"
EndProject
Project("{FAE04EC0-301F-11D3-BF4B-00C04F79EFBC}") = "BezierPatch", "Samples\14-BezierPatch\BezierPatch.csproj", "{8CC0EF52-87B8-47F5-8331-307EECFDC464}"
EndProject
Project("{FAE04EC0-301F-11D3-BF4B-00C04F79EFBC}") = "20-Shadows", "Samples\20-Shadows\20-Shadows.csproj", "{04BA6790-B0B7-4BDE-81C5-D08D49CA6F61}"
EndProject
Project("{FAE04EC0-301F-11D3-BF4B-00C04F79EFBC}") = "21-Ssao", "Samples\21-Ssao\21-Ssao.csproj", "{8FB409F9-7CBE-4753-8D3A-5EB2B94E1179}"
EndProject
Project("{FAE04EC0-301F-11D3-BF4B-00C04F79EFBC}") = "22-Quaternions", "Samples\22-Quaternions\22-Quaternions.csproj", "{4A18F0F3-7516-4561-B623-E1267BBED010}"
EndProject
Project("{FAE04EC0-301F-11D3-BF4B-00C04F79EFBC}") = "23-SkinnedMesh", "Samples\23-SkinnedMesh\23-SkinnedMesh.csproj", "{546A04C1-FDCE-41C7-B7C9-3DCA73BA1BC5}"
EndProject
Project("{FAE04EC0-301F-11D3-BF4B-00C04F79EFBC}") = "16-InstancingAndCulling", "Samples\16-InstancingAndCulling\16-InstancingAndCulling.csproj", "{9881AAB1-0FE1-4718-AF10-51DB4D8CA289}"
EndProject
Project("{FAE04EC0-301F-11D3-BF4B-00C04F79EFBC}") = "17-Picking", "Samples\17-Picking\17-Picking.csproj", "{88D2163E-8C9B-4EB5-B33F-B8B573220D30}"
EndProject
Project("{2150E333-8FDC-42A3-9474-1A3956D46DE8}") = ".build", ".build", "{3DD579B0-E62F-4398-9297-B4FD3906E1D5}"
	ProjectSection(SolutionItems) = preProject
		.editorconfig = .editorconfig
		.gitignore = .gitignore
		Directory.Build.props = Directory.Build.props
		README.md = README.md
	EndProjectSection
EndProject
Project("{FAE04EC0-301F-11D3-BF4B-00C04F79EFBC}") = "00-InitDirect3D", "Samples\00-InitDirect3D\00-InitDirect3D.csproj", "{56DD6873-857F-4956-839E-DFD9C31941FC}"
EndProject
Project("{2150E333-8FDC-42A3-9474-1A3956D46DE8}") = "CopySample", "CopySample", "{FF127440-C6D7-42CF-A997-5A168EBA881F}"
	ProjectSection(SolutionItems) = preProject
		HowTo.txt = HowTo.txt
	EndProjectSection
EndProject
Project("{2150E333-8FDC-42A3-9474-1A3956D46DE8}") = "Boxes", "Boxes", "{26F4A738-8DBE-4C11-8538-D8050E565891}"
EndProject
Project("{2150E333-8FDC-42A3-9474-1A3956D46DE8}") = "Shapes", "Shapes", "{ADDB0BAA-D86C-4B02-B233-BFDED50D18A0}"
EndProject
Project("{FAE04EC0-301F-11D3-BF4B-00C04F79EFBC}") = "CameraAndDynamicIndexing", "Samples\15-CameraAndDynamicIndexing\CameraAndDynamicIndexing.csproj", "{B43188C9-5359-4552-B77D-A9A1FFAED51D}"
EndProject
Project("{FAE04EC0-301F-11D3-BF4B-00C04F79EFBC}") = "CubeMap", "Samples\18-CubeMap\CubeMap.csproj", "{2F41A394-662E-4D76-A283-CE109B4C5F45}"
EndProject
Project("{FAE04EC0-301F-11D3-BF4B-00C04F79EFBC}") = "DynamicCube", "Samples\18-DynamicCube\DynamicCube.csproj", "{3D0841D6-4C40-4396-B37C-5BC4C96AD5BF}"
EndProject
Project("{FAE04EC0-301F-11D3-BF4B-00C04F79EFBC}") = "NormalMap", "Samples\19-NormalMap\NormalMap.csproj", "{80818B68-F3DD-4C5A-BA2E-674C250295E8}"
EndProject
Project("{FAE04EC0-301F-11D3-BF4B-00C04F79EFBC}") = "BoxesList", "Samples\015-BoxesList\BoxesList.csproj", "{5B82B7B5-5645-49D1-9B4F-E984A19926E8}"
EndProject
Project("{FAE04EC0-301F-11D3-BF4B-00C04F79EFBC}") = "BoxCameraTexture", "Samples\011-BoxCameraTexture\BoxCameraTexture.csproj", "{1091391A-29C7-4165-8A37-DC2A098B6BF3}"
EndProject
Project("{FAE04EC0-301F-11D3-BF4B-00C04F79EFBC}") = "BoxSimpleTriangeList", "Samples\01-Box\BoxSimpleTriangeList.csproj", "{A345DF36-7E45-4324-AB2D-6F014FAB0FE7}"
EndProject
Project("{FAE04EC0-301F-11D3-BF4B-00C04F79EFBC}") = "BoxWiredLineStrip", "Samples\012-BoxWiredLineStrip\BoxWiredLineStrip.csproj", "{63E0DD20-0B5A-413F-BF60-AE0F6BB536DA}"
EndProject
Project("{FAE04EC0-301F-11D3-BF4B-00C04F79EFBC}") = "BoxWiredPointList", "Samples\013-WiredBoxPointList\BoxWiredPointList.csproj", "{E101244D-59D5-46F6-9FCD-8D8E75FD7E31}"
EndProject
Project("{FAE04EC0-301F-11D3-BF4B-00C04F79EFBC}") = "BoxWiredCamera", "Samples\014-BoxCameraWire\BoxWiredCamera.csproj", "{09929D57-95CA-49A0-86DC-D3C213C65AF0}"
EndProject
Project("{FAE04EC0-301F-11D3-BF4B-00C04F79EFBC}") = "Shapes", "Samples\07-Shapes\Shapes.csproj", "{613EF582-B2FA-416B-81BE-03B554E077C8}"
EndProject
Project("{FAE04EC0-301F-11D3-BF4B-00C04F79EFBC}") = "texShapesCamera", "Samples\071 - CameraShapes\texShapesCamera.csproj", "{CB4EE46E-7C2D-431D-9223-86DD56528343}"
EndProject
Project("{FAE04EC0-301F-11D3-BF4B-00C04F79EFBC}") = "ShapesWired", "Samples\072-ShapesWired\ShapesWired.csproj", "{8E8DB3AD-ED68-4116-888F-9A1785D6AAB6}"
EndProject
Project("{FAE04EC0-301F-11D3-BF4B-00C04F79EFBC}") = "ShapesMoving", "Samples\073-ShapesMoving\ShapesMoving.csproj", "{84BC8E8D-91EE-4544-89D5-D8BDD47BC3DF}"
EndProject
Project("{2150E333-8FDC-42A3-9474-1A3956D46DE8}") = "Tessellation", "Tessellation", "{E664A74E-ACA3-45E4-9AFA-D2CDEB801416}"
EndProject
Project("{2150E333-8FDC-42A3-9474-1A3956D46DE8}") = "Init", "Init", "{BF580A04-4AF2-476B-83A8-DB158052F1B3}"
EndProject
Project("{FAE04EC0-301F-11D3-BF4B-00C04F79EFBC}") = "Tessellation00", "Samples\141-Tessellation00\Tessellation00.csproj", "{24B9FFBC-AD74-494F-9F59-A5ECC4891431}"
EndProject
Project("{2150E333-8FDC-42A3-9474-1A3956D46DE8}") = "HeightMap and Waves", "HeightMap and Waves", "{151FDC6A-2C26-49A0-AC18-FB369CD55F37}"
EndProject
Project("{2150E333-8FDC-42A3-9474-1A3956D46DE8}") = "Maps", "Maps", "{6287BFB2-4B8E-4634-979B-8158A6172AB7}"
EndProject
Project("{2150E333-8FDC-42A3-9474-1A3956D46DE8}") = "Billboards", "Billboards", "{BA4631A2-989C-4E4F-A0E2-254FEA3E4413}"
EndProject
Project("{2150E333-8FDC-42A3-9474-1A3956D46DE8}") = "BezierCurves", "BezierCurves", "{F1EF9924-D146-4946-ABE2-0F06453D7D6F}"
EndProject
Project("{2150E333-8FDC-42A3-9474-1A3956D46DE8}") = "Light and Shadow", "Light and Shadow", "{D0E67221-892D-49F3-814F-44CD2B64B211}"
EndProject
Project("{2150E333-8FDC-42A3-9474-1A3956D46DE8}") = "Mirror Raytracing", "Mirror Raytracing", "{F48CC450-CFA2-4A14-B98D-FA5143B47046}"
EndProject
Project("{2150E333-8FDC-42A3-9474-1A3956D46DE8}") = "Car and Skull", "Car and Skull", "{B699AD39-5D13-43E3-80E4-6161D2AFF8AF}"
EndProject
Project("{2150E333-8FDC-42A3-9474-1A3956D46DE8}") = "OpticEffects", "OpticEffects", "{4288CCC8-93D6-4358-9B27-338D4BAA8241}"
EndProject
Project("{2150E333-8FDC-42A3-9474-1A3956D46DE8}") = "movModels", "movModels", "{310938ED-C4CA-4332-884D-B82FF3699E93}"
EndProject
Project("{2150E333-8FDC-42A3-9474-1A3956D46DE8}") = "Others", "Others", "{ADAAFEFA-7CAE-482C-A1E3-48F4CE81CAE7}"
EndProject
Project("{FAE04EC0-301F-11D3-BF4B-00C04F79EFBC}") = "LandAndWaves00", "Samples\LandAndWaves00\LandAndWaves00.csproj", "{91016057-5DF5-4E21-A289-6EFAB3D36D31}"
EndProject
Project("{FAE04EC0-301F-11D3-BF4B-00C04F79EFBC}") = "Waves00", "Samples\Waves00\Waves00.csproj", "{7FD65BE3-C39D-4B60-B73A-14D965D48306}"
EndProject
Project("{FAE04EC0-301F-11D3-BF4B-00C04F79EFBC}") = "WaveBasic", "Samples\WaveBasic\WaveBasic.csproj", "{4A1F5D0B-D0EB-4E03-8CE0-8D8DF0DD0193}"
EndProject
Project("{FAE04EC0-301F-11D3-BF4B-00C04F79EFBC}") = "HeightMap00", "Samples\HeightMap00\HeightMap00.csproj", "{21387938-1FEB-426A-BE78-4A9D7B79D6F2}"
EndProject
Project("{2150E333-8FDC-42A3-9474-1A3956D46DE8}") = "MathFunc", "MathFunc", "{64BC34BA-A6CE-4657-9FC5-A7820DCB38AD}"
EndProject
Project("{FAE04EC0-301F-11D3-BF4B-00C04F79EFBC}") = "00MathFunc2D", "Samples\MathFunc2D\00MathFunc2D.csproj", "{F096EE6C-573A-4848-96AF-459D3663B607}"
EndProject
Project("{FAE04EC0-301F-11D3-BF4B-00C04F79EFBC}") = "00MathFunc3D", "Samples\MathFunc3D\00MathFunc3D.csproj", "{841D642C-AE5C-486E-B7EF-93137618D79A}"
EndProject
Project("{FAE04EC0-301F-11D3-BF4B-00C04F79EFBC}") = "Gauss3D", "Samples\Gauss3D\Gauss3D.csproj", "{87C8C307-7B50-4DC7-912F-6EF714A448F2}"
EndProject
Project("{FAE04EC0-301F-11D3-BF4B-00C04F79EFBC}") = "RotSymFunc", "Samples\RotSymFunc\RotSymFunc.csproj", "{ABD4BA0F-7438-4ED7-B6FB-963FF2237830}"
EndProject
Project("{FAE04EC0-301F-11D3-BF4B-00C04F79EFBC}") = "GaussWave", "Samples\GaussWave\GaussWave.csproj", "{6F3B0E0E-1D07-4A8B-968B-F21521E3DE1B}"
EndProject
Project("{FAE04EC0-301F-11D3-BF4B-00C04F79EFBC}") = "RotSymWave", "Samples\RotSymWave\RotSymWave.csproj", "{7090128A-75C6-427F-9CED-8B80A1A28C38}"
EndProject
Project("{2150E333-8FDC-42A3-9474-1A3956D46DE8}") = "movGrids", "movGrids", "{CF89AC01-445A-4F1F-83E6-166F4B24633A}"
EndProject
Project("{FAE04EC0-301F-11D3-BF4B-00C04F79EFBC}") = "movGaussGrid", "Samples\movGaussGrid\movGaussGrid.csproj", "{3C936BFD-8C77-4B7A-B8B0-742F9B427CD8}"
EndProject
Project("{FAE04EC0-301F-11D3-BF4B-00C04F79EFBC}") = "movPeak", "Samples\movPeak\movPeak.csproj", "{8F81CC17-15B7-404A-A40E-293A173F1106}"
EndProject
Project("{FAE04EC0-301F-11D3-BF4B-00C04F79EFBC}") = "wiredFountain", "Samples\wiredFountain\wiredFountain.csproj", "{B7C59309-FC64-44C5-9F55-7EAB1A42F2A0}"
EndProject
Project("{FAE04EC0-301F-11D3-BF4B-00C04F79EFBC}") = "GaussMovPeak", "Samples\GaussMovPeak\GaussMovPeak.csproj", "{E8537E32-77A5-45D1-B767-1EBC0E8CC2AC}"
EndProject
Global
	GlobalSection(SolutionConfigurationPlatforms) = preSolution
		Debug|Any CPU = Debug|Any CPU
		Release|Any CPU = Release|Any CPU
	EndGlobalSection
	GlobalSection(ProjectConfigurationPlatforms) = postSolution
		{76EB2D81-F8A4-4263-8D7B-BD72FB965926}.Debug|Any CPU.ActiveCfg = Debug|Any CPU
		{76EB2D81-F8A4-4263-8D7B-BD72FB965926}.Debug|Any CPU.Build.0 = Debug|Any CPU
		{76EB2D81-F8A4-4263-8D7B-BD72FB965926}.Release|Any CPU.ActiveCfg = Release|Any CPU
		{76EB2D81-F8A4-4263-8D7B-BD72FB965926}.Release|Any CPU.Build.0 = Release|Any CPU
		{8F56A509-E390-4CE0-A9E7-C8E8ACE7E4CA}.Debug|Any CPU.ActiveCfg = Debug|Any CPU
		{8F56A509-E390-4CE0-A9E7-C8E8ACE7E4CA}.Debug|Any CPU.Build.0 = Debug|Any CPU
		{8F56A509-E390-4CE0-A9E7-C8E8ACE7E4CA}.Release|Any CPU.ActiveCfg = Release|Any CPU
		{8F56A509-E390-4CE0-A9E7-C8E8ACE7E4CA}.Release|Any CPU.Build.0 = Release|Any CPU
		{2E6D6475-F3F1-4571-B424-FAD046826FAD}.Debug|Any CPU.ActiveCfg = Debug|Any CPU
		{2E6D6475-F3F1-4571-B424-FAD046826FAD}.Debug|Any CPU.Build.0 = Debug|Any CPU
		{2E6D6475-F3F1-4571-B424-FAD046826FAD}.Release|Any CPU.ActiveCfg = Release|Any CPU
		{2E6D6475-F3F1-4571-B424-FAD046826FAD}.Release|Any CPU.Build.0 = Release|Any CPU
		{563875A1-87AC-4349-BB9C-20085FD7496A}.Debug|Any CPU.ActiveCfg = Debug|Any CPU
		{563875A1-87AC-4349-BB9C-20085FD7496A}.Debug|Any CPU.Build.0 = Debug|Any CPU
		{563875A1-87AC-4349-BB9C-20085FD7496A}.Release|Any CPU.ActiveCfg = Release|Any CPU
		{563875A1-87AC-4349-BB9C-20085FD7496A}.Release|Any CPU.Build.0 = Release|Any CPU
		{F37413BB-A85B-47D2-BEB3-F5504C22CFF4}.Debug|Any CPU.ActiveCfg = Debug|Any CPU
		{F37413BB-A85B-47D2-BEB3-F5504C22CFF4}.Debug|Any CPU.Build.0 = Debug|Any CPU
		{F37413BB-A85B-47D2-BEB3-F5504C22CFF4}.Release|Any CPU.ActiveCfg = Release|Any CPU
		{F37413BB-A85B-47D2-BEB3-F5504C22CFF4}.Release|Any CPU.Build.0 = Release|Any CPU
		{2136E616-F0D8-4F55-BF31-D26F4100A072}.Debug|Any CPU.ActiveCfg = Debug|Any CPU
		{2136E616-F0D8-4F55-BF31-D26F4100A072}.Debug|Any CPU.Build.0 = Debug|Any CPU
		{2136E616-F0D8-4F55-BF31-D26F4100A072}.Release|Any CPU.ActiveCfg = Release|Any CPU
		{2136E616-F0D8-4F55-BF31-D26F4100A072}.Release|Any CPU.Build.0 = Release|Any CPU
		{B7E332DD-A269-48C8-9A2D-DC431B71049E}.Debug|Any CPU.ActiveCfg = Debug|Any CPU
		{B7E332DD-A269-48C8-9A2D-DC431B71049E}.Debug|Any CPU.Build.0 = Debug|Any CPU
		{B7E332DD-A269-48C8-9A2D-DC431B71049E}.Release|Any CPU.ActiveCfg = Release|Any CPU
		{B7E332DD-A269-48C8-9A2D-DC431B71049E}.Release|Any CPU.Build.0 = Release|Any CPU
		{29819A80-A0A5-47EC-8937-593947065CCA}.Debug|Any CPU.ActiveCfg = Debug|Any CPU
		{29819A80-A0A5-47EC-8937-593947065CCA}.Debug|Any CPU.Build.0 = Debug|Any CPU
		{29819A80-A0A5-47EC-8937-593947065CCA}.Release|Any CPU.ActiveCfg = Release|Any CPU
		{29819A80-A0A5-47EC-8937-593947065CCA}.Release|Any CPU.Build.0 = Release|Any CPU
		{DDFE75C6-91C3-4E11-AB5E-70A2B7AB20CA}.Debug|Any CPU.ActiveCfg = Debug|Any CPU
		{DDFE75C6-91C3-4E11-AB5E-70A2B7AB20CA}.Debug|Any CPU.Build.0 = Debug|Any CPU
		{DDFE75C6-91C3-4E11-AB5E-70A2B7AB20CA}.Release|Any CPU.ActiveCfg = Release|Any CPU
		{DDFE75C6-91C3-4E11-AB5E-70A2B7AB20CA}.Release|Any CPU.Build.0 = Release|Any CPU
		{DECFBF35-4E24-46C9-9116-AEF842F608C5}.Debug|Any CPU.ActiveCfg = Debug|Any CPU
		{DECFBF35-4E24-46C9-9116-AEF842F608C5}.Debug|Any CPU.Build.0 = Debug|Any CPU
		{DECFBF35-4E24-46C9-9116-AEF842F608C5}.Release|Any CPU.ActiveCfg = Release|Any CPU
		{DECFBF35-4E24-46C9-9116-AEF842F608C5}.Release|Any CPU.Build.0 = Release|Any CPU
		{E606D926-491E-43B9-A60D-FF0CFFE6E59E}.Debug|Any CPU.ActiveCfg = Debug|Any CPU
		{E606D926-491E-43B9-A60D-FF0CFFE6E59E}.Debug|Any CPU.Build.0 = Debug|Any CPU
		{E606D926-491E-43B9-A60D-FF0CFFE6E59E}.Release|Any CPU.ActiveCfg = Release|Any CPU
		{E606D926-491E-43B9-A60D-FF0CFFE6E59E}.Release|Any CPU.Build.0 = Release|Any CPU
		{52F54CC6-5A9E-4E52-8007-BF1535AD9D31}.Debug|Any CPU.ActiveCfg = Debug|Any CPU
		{52F54CC6-5A9E-4E52-8007-BF1535AD9D31}.Debug|Any CPU.Build.0 = Debug|Any CPU
		{52F54CC6-5A9E-4E52-8007-BF1535AD9D31}.Release|Any CPU.ActiveCfg = Release|Any CPU
		{52F54CC6-5A9E-4E52-8007-BF1535AD9D31}.Release|Any CPU.Build.0 = Release|Any CPU
		{CE1B2D38-6F3F-430F-9313-5BD4D3C10C62}.Debug|Any CPU.ActiveCfg = Debug|Any CPU
		{CE1B2D38-6F3F-430F-9313-5BD4D3C10C62}.Debug|Any CPU.Build.0 = Debug|Any CPU
		{CE1B2D38-6F3F-430F-9313-5BD4D3C10C62}.Release|Any CPU.ActiveCfg = Release|Any CPU
		{CE1B2D38-6F3F-430F-9313-5BD4D3C10C62}.Release|Any CPU.Build.0 = Release|Any CPU
		{1E305AD7-C386-4331-9C8B-CBF765696A95}.Debug|Any CPU.ActiveCfg = Debug|Any CPU
		{1E305AD7-C386-4331-9C8B-CBF765696A95}.Debug|Any CPU.Build.0 = Debug|Any CPU
		{1E305AD7-C386-4331-9C8B-CBF765696A95}.Release|Any CPU.ActiveCfg = Release|Any CPU
		{1E305AD7-C386-4331-9C8B-CBF765696A95}.Release|Any CPU.Build.0 = Release|Any CPU
		{A2DAB809-BC2A-4969-9BCA-89797D298E20}.Debug|Any CPU.ActiveCfg = Debug|Any CPU
		{A2DAB809-BC2A-4969-9BCA-89797D298E20}.Debug|Any CPU.Build.0 = Debug|Any CPU
		{A2DAB809-BC2A-4969-9BCA-89797D298E20}.Release|Any CPU.ActiveCfg = Release|Any CPU
		{A2DAB809-BC2A-4969-9BCA-89797D298E20}.Release|Any CPU.Build.0 = Release|Any CPU
		{8CC0EF52-87B8-47F5-8331-307EECFDC464}.Debug|Any CPU.ActiveCfg = Debug|Any CPU
		{8CC0EF52-87B8-47F5-8331-307EECFDC464}.Debug|Any CPU.Build.0 = Debug|Any CPU
		{8CC0EF52-87B8-47F5-8331-307EECFDC464}.Release|Any CPU.ActiveCfg = Release|Any CPU
		{8CC0EF52-87B8-47F5-8331-307EECFDC464}.Release|Any CPU.Build.0 = Release|Any CPU
		{04BA6790-B0B7-4BDE-81C5-D08D49CA6F61}.Debug|Any CPU.ActiveCfg = Debug|Any CPU
		{04BA6790-B0B7-4BDE-81C5-D08D49CA6F61}.Debug|Any CPU.Build.0 = Debug|Any CPU
		{04BA6790-B0B7-4BDE-81C5-D08D49CA6F61}.Release|Any CPU.ActiveCfg = Release|Any CPU
		{04BA6790-B0B7-4BDE-81C5-D08D49CA6F61}.Release|Any CPU.Build.0 = Release|Any CPU
		{8FB409F9-7CBE-4753-8D3A-5EB2B94E1179}.Debug|Any CPU.ActiveCfg = Debug|Any CPU
		{8FB409F9-7CBE-4753-8D3A-5EB2B94E1179}.Debug|Any CPU.Build.0 = Debug|Any CPU
		{8FB409F9-7CBE-4753-8D3A-5EB2B94E1179}.Release|Any CPU.ActiveCfg = Release|Any CPU
		{8FB409F9-7CBE-4753-8D3A-5EB2B94E1179}.Release|Any CPU.Build.0 = Release|Any CPU
		{4A18F0F3-7516-4561-B623-E1267BBED010}.Debug|Any CPU.ActiveCfg = Debug|Any CPU
		{4A18F0F3-7516-4561-B623-E1267BBED010}.Debug|Any CPU.Build.0 = Debug|Any CPU
		{4A18F0F3-7516-4561-B623-E1267BBED010}.Release|Any CPU.ActiveCfg = Release|Any CPU
		{4A18F0F3-7516-4561-B623-E1267BBED010}.Release|Any CPU.Build.0 = Release|Any CPU
		{546A04C1-FDCE-41C7-B7C9-3DCA73BA1BC5}.Debug|Any CPU.ActiveCfg = Debug|Any CPU
		{546A04C1-FDCE-41C7-B7C9-3DCA73BA1BC5}.Debug|Any CPU.Build.0 = Debug|Any CPU
		{546A04C1-FDCE-41C7-B7C9-3DCA73BA1BC5}.Release|Any CPU.ActiveCfg = Release|Any CPU
		{546A04C1-FDCE-41C7-B7C9-3DCA73BA1BC5}.Release|Any CPU.Build.0 = Release|Any CPU
		{9881AAB1-0FE1-4718-AF10-51DB4D8CA289}.Debug|Any CPU.ActiveCfg = Debug|Any CPU
		{9881AAB1-0FE1-4718-AF10-51DB4D8CA289}.Debug|Any CPU.Build.0 = Debug|Any CPU
		{9881AAB1-0FE1-4718-AF10-51DB4D8CA289}.Release|Any CPU.ActiveCfg = Release|Any CPU
		{9881AAB1-0FE1-4718-AF10-51DB4D8CA289}.Release|Any CPU.Build.0 = Release|Any CPU
		{88D2163E-8C9B-4EB5-B33F-B8B573220D30}.Debug|Any CPU.ActiveCfg = Debug|Any CPU
		{88D2163E-8C9B-4EB5-B33F-B8B573220D30}.Debug|Any CPU.Build.0 = Debug|Any CPU
		{88D2163E-8C9B-4EB5-B33F-B8B573220D30}.Release|Any CPU.ActiveCfg = Release|Any CPU
		{88D2163E-8C9B-4EB5-B33F-B8B573220D30}.Release|Any CPU.Build.0 = Release|Any CPU
		{56DD6873-857F-4956-839E-DFD9C31941FC}.Debug|Any CPU.ActiveCfg = Debug|Any CPU
		{56DD6873-857F-4956-839E-DFD9C31941FC}.Debug|Any CPU.Build.0 = Debug|Any CPU
		{56DD6873-857F-4956-839E-DFD9C31941FC}.Release|Any CPU.ActiveCfg = Release|Any CPU
		{56DD6873-857F-4956-839E-DFD9C31941FC}.Release|Any CPU.Build.0 = Release|Any CPU
		{B43188C9-5359-4552-B77D-A9A1FFAED51D}.Debug|Any CPU.ActiveCfg = Debug|Any CPU
		{B43188C9-5359-4552-B77D-A9A1FFAED51D}.Debug|Any CPU.Build.0 = Debug|Any CPU
		{B43188C9-5359-4552-B77D-A9A1FFAED51D}.Release|Any CPU.ActiveCfg = Release|Any CPU
		{B43188C9-5359-4552-B77D-A9A1FFAED51D}.Release|Any CPU.Build.0 = Release|Any CPU
		{2F41A394-662E-4D76-A283-CE109B4C5F45}.Debug|Any CPU.ActiveCfg = Debug|Any CPU
		{2F41A394-662E-4D76-A283-CE109B4C5F45}.Debug|Any CPU.Build.0 = Debug|Any CPU
		{2F41A394-662E-4D76-A283-CE109B4C5F45}.Release|Any CPU.ActiveCfg = Release|Any CPU
		{2F41A394-662E-4D76-A283-CE109B4C5F45}.Release|Any CPU.Build.0 = Release|Any CPU
		{3D0841D6-4C40-4396-B37C-5BC4C96AD5BF}.Debug|Any CPU.ActiveCfg = Debug|Any CPU
		{3D0841D6-4C40-4396-B37C-5BC4C96AD5BF}.Debug|Any CPU.Build.0 = Debug|Any CPU
		{3D0841D6-4C40-4396-B37C-5BC4C96AD5BF}.Release|Any CPU.ActiveCfg = Release|Any CPU
		{3D0841D6-4C40-4396-B37C-5BC4C96AD5BF}.Release|Any CPU.Build.0 = Release|Any CPU
		{80818B68-F3DD-4C5A-BA2E-674C250295E8}.Debug|Any CPU.ActiveCfg = Debug|Any CPU
		{80818B68-F3DD-4C5A-BA2E-674C250295E8}.Debug|Any CPU.Build.0 = Debug|Any CPU
		{80818B68-F3DD-4C5A-BA2E-674C250295E8}.Release|Any CPU.ActiveCfg = Release|Any CPU
		{80818B68-F3DD-4C5A-BA2E-674C250295E8}.Release|Any CPU.Build.0 = Release|Any CPU
		{5B82B7B5-5645-49D1-9B4F-E984A19926E8}.Debug|Any CPU.ActiveCfg = Debug|Any CPU
		{5B82B7B5-5645-49D1-9B4F-E984A19926E8}.Debug|Any CPU.Build.0 = Debug|Any CPU
		{5B82B7B5-5645-49D1-9B4F-E984A19926E8}.Release|Any CPU.ActiveCfg = Release|Any CPU
		{5B82B7B5-5645-49D1-9B4F-E984A19926E8}.Release|Any CPU.Build.0 = Release|Any CPU
		{1091391A-29C7-4165-8A37-DC2A098B6BF3}.Debug|Any CPU.ActiveCfg = Debug|Any CPU
		{1091391A-29C7-4165-8A37-DC2A098B6BF3}.Debug|Any CPU.Build.0 = Debug|Any CPU
		{1091391A-29C7-4165-8A37-DC2A098B6BF3}.Release|Any CPU.ActiveCfg = Release|Any CPU
		{1091391A-29C7-4165-8A37-DC2A098B6BF3}.Release|Any CPU.Build.0 = Release|Any CPU
		{A345DF36-7E45-4324-AB2D-6F014FAB0FE7}.Debug|Any CPU.ActiveCfg = Debug|Any CPU
		{A345DF36-7E45-4324-AB2D-6F014FAB0FE7}.Debug|Any CPU.Build.0 = Debug|Any CPU
		{A345DF36-7E45-4324-AB2D-6F014FAB0FE7}.Release|Any CPU.ActiveCfg = Release|Any CPU
		{A345DF36-7E45-4324-AB2D-6F014FAB0FE7}.Release|Any CPU.Build.0 = Release|Any CPU
		{63E0DD20-0B5A-413F-BF60-AE0F6BB536DA}.Debug|Any CPU.ActiveCfg = Debug|Any CPU
		{63E0DD20-0B5A-413F-BF60-AE0F6BB536DA}.Debug|Any CPU.Build.0 = Debug|Any CPU
		{63E0DD20-0B5A-413F-BF60-AE0F6BB536DA}.Release|Any CPU.ActiveCfg = Release|Any CPU
		{63E0DD20-0B5A-413F-BF60-AE0F6BB536DA}.Release|Any CPU.Build.0 = Release|Any CPU
		{E101244D-59D5-46F6-9FCD-8D8E75FD7E31}.Debug|Any CPU.ActiveCfg = Debug|Any CPU
		{E101244D-59D5-46F6-9FCD-8D8E75FD7E31}.Debug|Any CPU.Build.0 = Debug|Any CPU
		{E101244D-59D5-46F6-9FCD-8D8E75FD7E31}.Release|Any CPU.ActiveCfg = Release|Any CPU
		{E101244D-59D5-46F6-9FCD-8D8E75FD7E31}.Release|Any CPU.Build.0 = Release|Any CPU
		{09929D57-95CA-49A0-86DC-D3C213C65AF0}.Debug|Any CPU.ActiveCfg = Debug|Any CPU
		{09929D57-95CA-49A0-86DC-D3C213C65AF0}.Debug|Any CPU.Build.0 = Debug|Any CPU
		{09929D57-95CA-49A0-86DC-D3C213C65AF0}.Release|Any CPU.ActiveCfg = Release|Any CPU
		{09929D57-95CA-49A0-86DC-D3C213C65AF0}.Release|Any CPU.Build.0 = Release|Any CPU
		{613EF582-B2FA-416B-81BE-03B554E077C8}.Debug|Any CPU.ActiveCfg = Debug|Any CPU
		{613EF582-B2FA-416B-81BE-03B554E077C8}.Debug|Any CPU.Build.0 = Debug|Any CPU
		{613EF582-B2FA-416B-81BE-03B554E077C8}.Release|Any CPU.ActiveCfg = Release|Any CPU
		{613EF582-B2FA-416B-81BE-03B554E077C8}.Release|Any CPU.Build.0 = Release|Any CPU
		{CB4EE46E-7C2D-431D-9223-86DD56528343}.Debug|Any CPU.ActiveCfg = Debug|Any CPU
		{CB4EE46E-7C2D-431D-9223-86DD56528343}.Debug|Any CPU.Build.0 = Debug|Any CPU
		{CB4EE46E-7C2D-431D-9223-86DD56528343}.Release|Any CPU.ActiveCfg = Release|Any CPU
		{CB4EE46E-7C2D-431D-9223-86DD56528343}.Release|Any CPU.Build.0 = Release|Any CPU
		{8E8DB3AD-ED68-4116-888F-9A1785D6AAB6}.Debug|Any CPU.ActiveCfg = Debug|Any CPU
		{8E8DB3AD-ED68-4116-888F-9A1785D6AAB6}.Debug|Any CPU.Build.0 = Debug|Any CPU
		{8E8DB3AD-ED68-4116-888F-9A1785D6AAB6}.Release|Any CPU.ActiveCfg = Release|Any CPU
		{8E8DB3AD-ED68-4116-888F-9A1785D6AAB6}.Release|Any CPU.Build.0 = Release|Any CPU
		{84BC8E8D-91EE-4544-89D5-D8BDD47BC3DF}.Debug|Any CPU.ActiveCfg = Debug|Any CPU
		{84BC8E8D-91EE-4544-89D5-D8BDD47BC3DF}.Debug|Any CPU.Build.0 = Debug|Any CPU
		{84BC8E8D-91EE-4544-89D5-D8BDD47BC3DF}.Release|Any CPU.ActiveCfg = Release|Any CPU
		{84BC8E8D-91EE-4544-89D5-D8BDD47BC3DF}.Release|Any CPU.Build.0 = Release|Any CPU
		{24B9FFBC-AD74-494F-9F59-A5ECC4891431}.Debug|Any CPU.ActiveCfg = Debug|Any CPU
		{24B9FFBC-AD74-494F-9F59-A5ECC4891431}.Debug|Any CPU.Build.0 = Debug|Any CPU
		{24B9FFBC-AD74-494F-9F59-A5ECC4891431}.Release|Any CPU.ActiveCfg = Release|Any CPU
		{24B9FFBC-AD74-494F-9F59-A5ECC4891431}.Release|Any CPU.Build.0 = Release|Any CPU
		{91016057-5DF5-4E21-A289-6EFAB3D36D31}.Debug|Any CPU.ActiveCfg = Debug|Any CPU
		{91016057-5DF5-4E21-A289-6EFAB3D36D31}.Debug|Any CPU.Build.0 = Debug|Any CPU
		{91016057-5DF5-4E21-A289-6EFAB3D36D31}.Release|Any CPU.ActiveCfg = Release|Any CPU
		{91016057-5DF5-4E21-A289-6EFAB3D36D31}.Release|Any CPU.Build.0 = Release|Any CPU
		{7FD65BE3-C39D-4B60-B73A-14D965D48306}.Debug|Any CPU.ActiveCfg = Debug|Any CPU
		{7FD65BE3-C39D-4B60-B73A-14D965D48306}.Debug|Any CPU.Build.0 = Debug|Any CPU
		{7FD65BE3-C39D-4B60-B73A-14D965D48306}.Release|Any CPU.ActiveCfg = Release|Any CPU
		{7FD65BE3-C39D-4B60-B73A-14D965D48306}.Release|Any CPU.Build.0 = Release|Any CPU
		{4A1F5D0B-D0EB-4E03-8CE0-8D8DF0DD0193}.Debug|Any CPU.ActiveCfg = Debug|Any CPU
		{4A1F5D0B-D0EB-4E03-8CE0-8D8DF0DD0193}.Debug|Any CPU.Build.0 = Debug|Any CPU
		{4A1F5D0B-D0EB-4E03-8CE0-8D8DF0DD0193}.Release|Any CPU.ActiveCfg = Release|Any CPU
		{4A1F5D0B-D0EB-4E03-8CE0-8D8DF0DD0193}.Release|Any CPU.Build.0 = Release|Any CPU
		{21387938-1FEB-426A-BE78-4A9D7B79D6F2}.Debug|Any CPU.ActiveCfg = Debug|Any CPU
		{21387938-1FEB-426A-BE78-4A9D7B79D6F2}.Debug|Any CPU.Build.0 = Debug|Any CPU
		{21387938-1FEB-426A-BE78-4A9D7B79D6F2}.Release|Any CPU.ActiveCfg = Release|Any CPU
		{21387938-1FEB-426A-BE78-4A9D7B79D6F2}.Release|Any CPU.Build.0 = Release|Any CPU
		{F096EE6C-573A-4848-96AF-459D3663B607}.Debug|Any CPU.ActiveCfg = Debug|Any CPU
		{F096EE6C-573A-4848-96AF-459D3663B607}.Debug|Any CPU.Build.0 = Debug|Any CPU
		{F096EE6C-573A-4848-96AF-459D3663B607}.Release|Any CPU.ActiveCfg = Release|Any CPU
		{F096EE6C-573A-4848-96AF-459D3663B607}.Release|Any CPU.Build.0 = Release|Any CPU
		{841D642C-AE5C-486E-B7EF-93137618D79A}.Debug|Any CPU.ActiveCfg = Debug|Any CPU
		{841D642C-AE5C-486E-B7EF-93137618D79A}.Debug|Any CPU.Build.0 = Debug|Any CPU
		{841D642C-AE5C-486E-B7EF-93137618D79A}.Release|Any CPU.ActiveCfg = Release|Any CPU
		{841D642C-AE5C-486E-B7EF-93137618D79A}.Release|Any CPU.Build.0 = Release|Any CPU
		{87C8C307-7B50-4DC7-912F-6EF714A448F2}.Debug|Any CPU.ActiveCfg = Debug|Any CPU
		{87C8C307-7B50-4DC7-912F-6EF714A448F2}.Debug|Any CPU.Build.0 = Debug|Any CPU
		{87C8C307-7B50-4DC7-912F-6EF714A448F2}.Release|Any CPU.ActiveCfg = Release|Any CPU
		{87C8C307-7B50-4DC7-912F-6EF714A448F2}.Release|Any CPU.Build.0 = Release|Any CPU
		{ABD4BA0F-7438-4ED7-B6FB-963FF2237830}.Debug|Any CPU.ActiveCfg = Debug|Any CPU
		{ABD4BA0F-7438-4ED7-B6FB-963FF2237830}.Debug|Any CPU.Build.0 = Debug|Any CPU
		{ABD4BA0F-7438-4ED7-B6FB-963FF2237830}.Release|Any CPU.ActiveCfg = Release|Any CPU
		{ABD4BA0F-7438-4ED7-B6FB-963FF2237830}.Release|Any CPU.Build.0 = Release|Any CPU
		{6F3B0E0E-1D07-4A8B-968B-F21521E3DE1B}.Debug|Any CPU.ActiveCfg = Debug|Any CPU
		{6F3B0E0E-1D07-4A8B-968B-F21521E3DE1B}.Debug|Any CPU.Build.0 = Debug|Any CPU
		{6F3B0E0E-1D07-4A8B-968B-F21521E3DE1B}.Release|Any CPU.ActiveCfg = Release|Any CPU
		{6F3B0E0E-1D07-4A8B-968B-F21521E3DE1B}.Release|Any CPU.Build.0 = Release|Any CPU
		{7090128A-75C6-427F-9CED-8B80A1A28C38}.Debug|Any CPU.ActiveCfg = Debug|Any CPU
		{7090128A-75C6-427F-9CED-8B80A1A28C38}.Debug|Any CPU.Build.0 = Debug|Any CPU
		{7090128A-75C6-427F-9CED-8B80A1A28C38}.Release|Any CPU.ActiveCfg = Release|Any CPU
		{7090128A-75C6-427F-9CED-8B80A1A28C38}.Release|Any CPU.Build.0 = Release|Any CPU
		{3C936BFD-8C77-4B7A-B8B0-742F9B427CD8}.Debug|Any CPU.ActiveCfg = Debug|Any CPU
		{3C936BFD-8C77-4B7A-B8B0-742F9B427CD8}.Debug|Any CPU.Build.0 = Debug|Any CPU
		{3C936BFD-8C77-4B7A-B8B0-742F9B427CD8}.Release|Any CPU.ActiveCfg = Release|Any CPU
		{3C936BFD-8C77-4B7A-B8B0-742F9B427CD8}.Release|Any CPU.Build.0 = Release|Any CPU
		{8F81CC17-15B7-404A-A40E-293A173F1106}.Debug|Any CPU.ActiveCfg = Debug|Any CPU
		{8F81CC17-15B7-404A-A40E-293A173F1106}.Debug|Any CPU.Build.0 = Debug|Any CPU
		{8F81CC17-15B7-404A-A40E-293A173F1106}.Release|Any CPU.ActiveCfg = Release|Any CPU
		{8F81CC17-15B7-404A-A40E-293A173F1106}.Release|Any CPU.Build.0 = Release|Any CPU
		{B7C59309-FC64-44C5-9F55-7EAB1A42F2A0}.Debug|Any CPU.ActiveCfg = Debug|Any CPU
		{B7C59309-FC64-44C5-9F55-7EAB1A42F2A0}.Debug|Any CPU.Build.0 = Debug|Any CPU
		{B7C59309-FC64-44C5-9F55-7EAB1A42F2A0}.Release|Any CPU.ActiveCfg = Release|Any CPU
		{B7C59309-FC64-44C5-9F55-7EAB1A42F2A0}.Release|Any CPU.Build.0 = Release|Any CPU
		{E8537E32-77A5-45D1-B767-1EBC0E8CC2AC}.Debug|Any CPU.ActiveCfg = Debug|Any CPU
		{E8537E32-77A5-45D1-B767-1EBC0E8CC2AC}.Debug|Any CPU.Build.0 = Debug|Any CPU
		{E8537E32-77A5-45D1-B767-1EBC0E8CC2AC}.Release|Any CPU.ActiveCfg = Release|Any CPU
		{E8537E32-77A5-45D1-B767-1EBC0E8CC2AC}.Release|Any CPU.Build.0 = Release|Any CPU
	EndGlobalSection
	GlobalSection(SolutionProperties) = preSolution
		HideSolutionNode = FALSE
	EndGlobalSection
	GlobalSection(NestedProjects) = preSolution
		{8F56A509-E390-4CE0-A9E7-C8E8ACE7E4CA} = {151FDC6A-2C26-49A0-AC18-FB369CD55F37}
		{2E6D6475-F3F1-4571-B424-FAD046826FAD} = {151FDC6A-2C26-49A0-AC18-FB369CD55F37}
		{563875A1-87AC-4349-BB9C-20085FD7496A} = {ADDB0BAA-D86C-4B02-B233-BFDED50D18A0}
		{F37413BB-A85B-47D2-BEB3-F5504C22CFF4} = {26F4A738-8DBE-4C11-8538-D8050E565891}
		{2136E616-F0D8-4F55-BF31-D26F4100A072} = {151FDC6A-2C26-49A0-AC18-FB369CD55F37}
		{B7E332DD-A269-48C8-9A2D-DC431B71049E} = {ADDB0BAA-D86C-4B02-B233-BFDED50D18A0}
		{29819A80-A0A5-47EC-8937-593947065CCA} = {151FDC6A-2C26-49A0-AC18-FB369CD55F37}
		{DDFE75C6-91C3-4E11-AB5E-70A2B7AB20CA} = {F48CC450-CFA2-4A14-B98D-FA5143B47046}
		{DECFBF35-4E24-46C9-9116-AEF842F608C5} = {BA4631A2-989C-4E4F-A0E2-254FEA3E4413}
		{E606D926-491E-43B9-A60D-FF0CFFE6E59E} = {151FDC6A-2C26-49A0-AC18-FB369CD55F37}
		{52F54CC6-5A9E-4E52-8007-BF1535AD9D31} = {ADAAFEFA-7CAE-482C-A1E3-48F4CE81CAE7}
		{CE1B2D38-6F3F-430F-9313-5BD4D3C10C62} = {4288CCC8-93D6-4358-9B27-338D4BAA8241}
		{1E305AD7-C386-4331-9C8B-CBF765696A95} = {4288CCC8-93D6-4358-9B27-338D4BAA8241}
		{A2DAB809-BC2A-4969-9BCA-89797D298E20} = {E664A74E-ACA3-45E4-9AFA-D2CDEB801416}
		{8CC0EF52-87B8-47F5-8331-307EECFDC464} = {F1EF9924-D146-4946-ABE2-0F06453D7D6F}
		{04BA6790-B0B7-4BDE-81C5-D08D49CA6F61} = {D0E67221-892D-49F3-814F-44CD2B64B211}
		{8FB409F9-7CBE-4753-8D3A-5EB2B94E1179} = {D0E67221-892D-49F3-814F-44CD2B64B211}
		{4A18F0F3-7516-4561-B623-E1267BBED010} = {B699AD39-5D13-43E3-80E4-6161D2AFF8AF}
		{546A04C1-FDCE-41C7-B7C9-3DCA73BA1BC5} = {310938ED-C4CA-4332-884D-B82FF3699E93}
		{9881AAB1-0FE1-4718-AF10-51DB4D8CA289} = {B699AD39-5D13-43E3-80E4-6161D2AFF8AF}
		{88D2163E-8C9B-4EB5-B33F-B8B573220D30} = {B699AD39-5D13-43E3-80E4-6161D2AFF8AF}
		{56DD6873-857F-4956-839E-DFD9C31941FC} = {BF580A04-4AF2-476B-83A8-DB158052F1B3}
		{26F4A738-8DBE-4C11-8538-D8050E565891} = {F39AB6D3-10A4-4392-99E5-B827527D2310}
		{ADDB0BAA-D86C-4B02-B233-BFDED50D18A0} = {F39AB6D3-10A4-4392-99E5-B827527D2310}
		{B43188C9-5359-4552-B77D-A9A1FFAED51D} = {ADDB0BAA-D86C-4B02-B233-BFDED50D18A0}
		{2F41A394-662E-4D76-A283-CE109B4C5F45} = {6287BFB2-4B8E-4634-979B-8158A6172AB7}
		{3D0841D6-4C40-4396-B37C-5BC4C96AD5BF} = {6287BFB2-4B8E-4634-979B-8158A6172AB7}
		{80818B68-F3DD-4C5A-BA2E-674C250295E8} = {6287BFB2-4B8E-4634-979B-8158A6172AB7}
		{5B82B7B5-5645-49D1-9B4F-E984A19926E8} = {26F4A738-8DBE-4C11-8538-D8050E565891}
		{1091391A-29C7-4165-8A37-DC2A098B6BF3} = {26F4A738-8DBE-4C11-8538-D8050E565891}
		{A345DF36-7E45-4324-AB2D-6F014FAB0FE7} = {26F4A738-8DBE-4C11-8538-D8050E565891}
		{63E0DD20-0B5A-413F-BF60-AE0F6BB536DA} = {26F4A738-8DBE-4C11-8538-D8050E565891}
		{E101244D-59D5-46F6-9FCD-8D8E75FD7E31} = {26F4A738-8DBE-4C11-8538-D8050E565891}
		{09929D57-95CA-49A0-86DC-D3C213C65AF0} = {26F4A738-8DBE-4C11-8538-D8050E565891}
		{613EF582-B2FA-416B-81BE-03B554E077C8} = {ADDB0BAA-D86C-4B02-B233-BFDED50D18A0}
		{CB4EE46E-7C2D-431D-9223-86DD56528343} = {ADDB0BAA-D86C-4B02-B233-BFDED50D18A0}
		{8E8DB3AD-ED68-4116-888F-9A1785D6AAB6} = {ADDB0BAA-D86C-4B02-B233-BFDED50D18A0}
		{84BC8E8D-91EE-4544-89D5-D8BDD47BC3DF} = {ADDB0BAA-D86C-4B02-B233-BFDED50D18A0}
		{E664A74E-ACA3-45E4-9AFA-D2CDEB801416} = {F39AB6D3-10A4-4392-99E5-B827527D2310}
		{BF580A04-4AF2-476B-83A8-DB158052F1B3} = {F39AB6D3-10A4-4392-99E5-B827527D2310}
		{24B9FFBC-AD74-494F-9F59-A5ECC4891431} = {E664A74E-ACA3-45E4-9AFA-D2CDEB801416}
		{151FDC6A-2C26-49A0-AC18-FB369CD55F37} = {F39AB6D3-10A4-4392-99E5-B827527D2310}
		{6287BFB2-4B8E-4634-979B-8158A6172AB7} = {F39AB6D3-10A4-4392-99E5-B827527D2310}
		{BA4631A2-989C-4E4F-A0E2-254FEA3E4413} = {F39AB6D3-10A4-4392-99E5-B827527D2310}
		{F1EF9924-D146-4946-ABE2-0F06453D7D6F} = {F39AB6D3-10A4-4392-99E5-B827527D2310}
		{D0E67221-892D-49F3-814F-44CD2B64B211} = {F39AB6D3-10A4-4392-99E5-B827527D2310}
		{F48CC450-CFA2-4A14-B98D-FA5143B47046} = {F39AB6D3-10A4-4392-99E5-B827527D2310}
		{B699AD39-5D13-43E3-80E4-6161D2AFF8AF} = {F39AB6D3-10A4-4392-99E5-B827527D2310}
		{4288CCC8-93D6-4358-9B27-338D4BAA8241} = {F39AB6D3-10A4-4392-99E5-B827527D2310}
		{310938ED-C4CA-4332-884D-B82FF3699E93} = {F39AB6D3-10A4-4392-99E5-B827527D2310}
		{ADAAFEFA-7CAE-482C-A1E3-48F4CE81CAE7} = {F39AB6D3-10A4-4392-99E5-B827527D2310}
		{91016057-5DF5-4E21-A289-6EFAB3D36D31} = {151FDC6A-2C26-49A0-AC18-FB369CD55F37}
		{7FD65BE3-C39D-4B60-B73A-14D965D48306} = {151FDC6A-2C26-49A0-AC18-FB369CD55F37}
		{4A1F5D0B-D0EB-4E03-8CE0-8D8DF0DD0193} = {151FDC6A-2C26-49A0-AC18-FB369CD55F37}
		{21387938-1FEB-426A-BE78-4A9D7B79D6F2} = {151FDC6A-2C26-49A0-AC18-FB369CD55F37}
		{64BC34BA-A6CE-4657-9FC5-A7820DCB38AD} = {F39AB6D3-10A4-4392-99E5-B827527D2310}
		{F096EE6C-573A-4848-96AF-459D3663B607} = {64BC34BA-A6CE-4657-9FC5-A7820DCB38AD}
		{841D642C-AE5C-486E-B7EF-93137618D79A} = {64BC34BA-A6CE-4657-9FC5-A7820DCB38AD}
		{87C8C307-7B50-4DC7-912F-6EF714A448F2} = {64BC34BA-A6CE-4657-9FC5-A7820DCB38AD}
		{ABD4BA0F-7438-4ED7-B6FB-963FF2237830} = {64BC34BA-A6CE-4657-9FC5-A7820DCB38AD}
		{6F3B0E0E-1D07-4A8B-968B-F21521E3DE1B} = {151FDC6A-2C26-49A0-AC18-FB369CD55F37}
		{7090128A-75C6-427F-9CED-8B80A1A28C38} = {151FDC6A-2C26-49A0-AC18-FB369CD55F37}
		{CF89AC01-445A-4F1F-83E6-166F4B24633A} = {F39AB6D3-10A4-4392-99E5-B827527D2310}
		{3C936BFD-8C77-4B7A-B8B0-742F9B427CD8} = {CF89AC01-445A-4F1F-83E6-166F4B24633A}
		{8F81CC17-15B7-404A-A40E-293A173F1106} = {CF89AC01-445A-4F1F-83E6-166F4B24633A}
		{B7C59309-FC64-44C5-9F55-7EAB1A42F2A0} = {151FDC6A-2C26-49A0-AC18-FB369CD55F37}
		{E8537E32-77A5-45D1-B767-1EBC0E8CC2AC} = {CF89AC01-445A-4F1F-83E6-166F4B24633A}
	EndGlobalSection
EndGlobal
